
Microsoft Visual Studio Solution File, Format Version 12.00
# Visual Studio 14
VisualStudioVersion = 14.0.24720.0
MinimumVisualStudioVersion = 10.0.40219.1
Project("{FAE04EC0-301F-11D3-BF4B-00C04F79EFBC}") = "Scandium2016", "Scandium2016\Scandium2016.csproj", "{975A0E1F-F502-465E-A422-4DC2728B471E}"
EndProject
Project("{FAE04EC0-301F-11D3-BF4B-00C04F79EFBC}") = "Scandium2016.UnitTest", "Scandium2016.UnitTest\Scandium2016.UnitTest.csproj", "{64DEB7B3-86C3-484C-8770-A9CDB5F627B2}"
EndProject
Global
	GlobalSection(SolutionConfigurationPlatforms) = preSolution
		Debug|Any CPU = Debug|Any CPU
		Release|Any CPU = Release|Any CPU
	EndGlobalSection
	GlobalSection(ProjectConfigurationPlatforms) = postSolution
		{975A0E1F-F502-465E-A422-4DC2728B471E}.Debug|Any CPU.ActiveCfg = Debug|Any CPU
		{975A0E1F-F502-465E-A422-4DC2728B471E}.Debug|Any CPU.Build.0 = Debug|Any CPU
		{975A0E1F-F502-465E-A422-4DC2728B471E}.Release|Any CPU.ActiveCfg = Release|Any CPU
		{975A0E1F-F502-465E-A422-4DC2728B471E}.Release|Any CPU.Build.0 = Release|Any CPU
		{64DEB7B3-86C3-484C-8770-A9CDB5F627B2}.Debug|Any CPU.ActiveCfg = Debug|Any CPU
		{64DEB7B3-86C3-484C-8770-A9CDB5F627B2}.Debug|Any CPU.Build.0 = Debug|Any CPU
		{64DEB7B3-86C3-484C-8770-A9CDB5F627B2}.Release|Any CPU.ActiveCfg = Release|Any CPU
		{64DEB7B3-86C3-484C-8770-A9CDB5F627B2}.Release|Any CPU.Build.0 = Release|Any CPU
	EndGlobalSection
	GlobalSection(SolutionProperties) = preSolution
		HideSolutionNode = FALSE
	EndGlobalSection
EndGlobal
